
Microsoft Visual Studio Solution File, Format Version 12.00
# Visual Studio Version 17
VisualStudioVersion = 17.0.31521.260
MinimumVisualStudioVersion = 10.0.40219.1
Project("{9A19103F-16F7-4668-BE54-9A1E7A4F7556}") = "DotNet.Util.Zpl", "src\DotNet.Util.Zpl\DotNet.Util.Zpl.csproj", "{7885FDD7-34AE-4708-B1B1-088CE2074B6F}"
EndProject
Global
	GlobalSection(SolutionConfigurationPlatforms) = preSolution
		Debug|Any CPU = Debug|Any CPU
		Release|Any CPU = Release|Any CPU
	EndGlobalSection
	GlobalSection(ProjectConfigurationPlatforms) = postSolution
		{7885FDD7-34AE-4708-B1B1-088CE2074B6F}.Debug|Any CPU.ActiveCfg = Debug|Any CPU
		{7885FDD7-34AE-4708-B1B1-088CE2074B6F}.Debug|Any CPU.Build.0 = Debug|Any CPU
		{7885FDD7-34AE-4708-B1B1-088CE2074B6F}.Release|Any CPU.ActiveCfg = Release|Any CPU
		{7885FDD7-34AE-4708-B1B1-088CE2074B6F}.Release|Any CPU.Build.0 = Release|Any CPU
	EndGlobalSection
	GlobalSection(SolutionProperties) = preSolution
		HideSolutionNode = FALSE
	EndGlobalSection
	GlobalSection(ExtensibilityGlobals) = postSolution
		SolutionGuid = {A7FE88C2-66F5-4B01-BA6D-3220DB5A5E21}
	EndGlobalSection
EndGlobal
